<?xml version="1.0" encoding="utf-8"?>
<Project ToolsVersion="4.0" xmlns="http://schemas.microsoft.com/developer/msbuild/2003">
  <ItemGroup>
    <Filter Include="Source Files">
      <UniqueIdentifier>{4FC737F1-C7A5-4376-A066-2A32D752A2FF}</UniqueIdentifier>
      <Extensions>cpp;c;cc;cxx;c++;cppm;ixx;def;odl;idl;hpj;bat;asm;asmx</Extensions>
    </Filter>
    <Filter Include="Header Files">
      <UniqueIdentifier>{93995380-89BD-4b04-88EB-625FBE52EBFB}</UniqueIdentifier>
      <Extensions>h;hh;hpp;hxx;h++;hm;inl;inc;ipp;xsd</Extensions>
    </Filter>
    <Filter Include="Resource Files">
      <UniqueIdentifier>{67DA6AB6-F800-4c08-8B7A-83BB121AAD01}</UniqueIdentifier>
      <Extensions>rc;ico;cur;bmp;dlg;rc2;rct;bin;rgs;gif;jpg;jpeg;jpe;resx;tiff;tif;png;wav;mfcribbon-ms</Extensions>
    </Filter>
    <Filter Include="Header Files\Game">
      <UniqueIdentifier>{83d5b4c3-9b20-47b5-95f2-03614322ba49}</UniqueIdentifier>
    </Filter>
    <Filter Include="Header Files\StatePattern">
      <UniqueIdentifier>{78ee3a5f-534f-46fd-a0d9-d554679bd92d}</UniqueIdentifier>
    </Filter>
    <Filter Include="Header Files\Game\States">
      <UniqueIdentifier>{3526df4b-c13f-40cc-b842-abd4e6cac443}</UniqueIdentifier>
    </Filter>
    <Filter Include="Source Files\Game">
      <UniqueIdentifier>{de2b4707-a9c0-45c5-9079-4af31bcf771d}</UniqueIdentifier>
    </Filter>
    <Filter Include="Source Files\StatePattern">
      <UniqueIdentifier>{a61ed625-d3ef-48de-9f47-682fb1754667}</UniqueIdentifier>
    </Filter>
    <Filter Include="Source Files\Map">
      <UniqueIdentifier>{fa35b29d-8dc8-4aad-a8af-8ef494af3b6d}</UniqueIdentifier>
    </Filter>
    <Filter Include="Source Files\Map\Builder">
      <UniqueIdentifier>{ddc4fe7c-eec9-4cb8-99b2-129ff21c1283}</UniqueIdentifier>
    </Filter>
    <Filter Include="Header Files\Map">
      <UniqueIdentifier>{d9ae8753-3e4a-4efb-9e2b-133206992cee}</UniqueIdentifier>
    </Filter>
    <Filter Include="Header Files\Map\Builder">
      <UniqueIdentifier>{288a3f2b-48a3-4c3c-8a85-e06d6ef94d03}</UniqueIdentifier>
    </Filter>
    <Filter Include="Header Files\Input">
      <UniqueIdentifier>{ac8f9137-0ccc-4b41-b006-319f2a44d2d5}</UniqueIdentifier>
    </Filter>
    <Filter Include="Source Files\Input">
      <UniqueIdentifier>{ae7752b4-a9d1-420a-9726-2b9828830f5f}</UniqueIdentifier>
    </Filter>
    <Filter Include="Source Files\StatePattern\States">
      <UniqueIdentifier>{09411684-bd7a-417d-bcd4-57cabaa8fc02}</UniqueIdentifier>
    </Filter>
  </ItemGroup>
  <ItemGroup>
    <ClCompile Include="Test.cpp">
      <Filter>Source Files</Filter>
    </ClCompile>
    <ClCompile Include="GameManager.cpp">
      <Filter>Source Files\Game</Filter>
    </ClCompile>
    <ClCompile Include="MakeMapState.cpp">
      <Filter>Source Files\StatePattern\States</Filter>
    </ClCompile>
    <ClCompile Include="IState.cpp">
      <Filter>Source Files\StatePattern</Filter>
    </ClCompile>
    <ClCompile Include="Map.cpp">
      <Filter>Source Files\Map</Filter>
    </ClCompile>
    <ClCompile Include="Tile.cpp">
      <Filter>Source Files\Map</Filter>
    </ClCompile>
    <ClCompile Include="IMapBuilder.cpp">
      <Filter>Source Files\Map\Builder</Filter>
    </ClCompile>
    <ClCompile Include="MapBuilder.cpp">
      <Filter>Source Files\Map\Builder</Filter>
    </ClCompile>
    <ClCompile Include="MapDirector.cpp">
      <Filter>Source Files</Filter>
    </ClCompile>
    <ClCompile Include="MapHolder.cpp">
      <Filter>Source Files</Filter>
    </ClCompile>
    <ClCompile Include="InputHandler.cpp">
      <Filter>Source Files\Input</Filter>
    </ClCompile>
    <ClCompile Include="PlayState.cpp">
      <Filter>Source Files\StatePattern\States</Filter>
    </ClCompile>
    <ClCompile Include="GameOverState.cpp">
      <Filter>Source Files</Filter>
    </ClCompile>
  </ItemGroup>
  <ItemGroup>
    <ClInclude Include="GameManager.h">
      <Filter>Header Files\Game</Filter>
    </ClInclude>
    <ClInclude Include="IState.h">
      <Filter>Header Files\StatePattern</Filter>
    </ClInclude>
    <ClInclude Include="MakeMapState.h">
      <Filter>Header Files\Game\States</Filter>
    </ClInclude>
    <ClInclude Include="Map.h">
      <Filter>Header Files\Map</Filter>
    </ClInclude>
    <ClInclude Include="Tile.h">
      <Filter>Header Files\Map</Filter>
    </ClInclude>
    <ClInclude Include="IMapBuilder.h">
      <Filter>Header Files\Map\Builder</Filter>
    </ClInclude>
    <ClInclude Include="MapBuilder.h">
      <Filter>Header Files\Map\Builder</Filter>
    </ClInclude>
    <ClInclude Include="MapDirector.h">
      <Filter>Header Files</Filter>
    </ClInclude>
    <ClInclude Include="MapHolder.h">
      <Filter>Header Files</Filter>
    </ClInclude>
    <ClInclude Include="DrawUtility.h">
      <Filter>Header Files</Filter>
    </ClInclude>
    <ClInclude Include="InputHandler.h">
      <Filter>Header Files\Input</Filter>
    </ClInclude>
    <ClInclude Include="PlayState.h">
      <Filter>Header Files</Filter>
    </ClInclude>
    <ClInclude Include="GameOverState.h">
      <Filter>Header Files</Filter>
    </ClInclude>
  </ItemGroup>
</Project>